<?xml version="1.0" encoding="utf-8"?>
<Project ToolsVersion="4.0" xmlns="http://schemas.microsoft.com/developer/msbuild/2003">
  <ItemGroup>
    <ClInclude Include="include\node_helper.h">
      <Filter>头文件</Filter>
    </ClInclude>
    <ClInclude Include="include\node_async_queue.h">
      <Filter>头文件</Filter>
    </ClInclude>
    <ClInclude Include="include\node_event_handler.h">
      <Filter>头文件</Filter>
    </ClInclude>
  </ItemGroup>
  <ItemGroup>
    <Filter Include="源文件">
      <UniqueIdentifier>{0e8ba6fc-ce2b-43c4-ac55-860854636690}</UniqueIdentifier>
    </Filter>
    <Filter Include="头文件">
      <UniqueIdentifier>{e94dd410-dbfc-4e04-90ba-9ddfd8a8132e}</UniqueIdentifier>
    </Filter>
  </ItemGroup>
  <ItemGroup>
    <ClCompile Include="src\node_async_queue.cpp">
      <Filter>源文件</Filter>
    </ClCompile>
    <ClCompile Include="src\node_helper.cpp">
      <Filter>源文件</Filter>
    </ClCompile>
    <ClCompile Include="src\node_event_handler.cpp">
      <Filter>源文件</Filter>
    </ClCompile>
  </ItemGroup>
</Project>